
Microsoft Visual Studio Solution File, Format Version 12.00
# Visual Studio Version 17
VisualStudioVersion = 17.2.32630.192
MinimumVisualStudioVersion = 10.0.40219.1
Project("{FAE04EC0-301F-11D3-BF4B-00C04F79EFBC}") = "Siss", "Siss\Siss.csproj", "{A79272A2-4A85-4E23-A099-4A3DD6EAF069}"
EndProject
Global
	GlobalSection(SolutionConfigurationPlatforms) = preSolution
		Debug|Any CPU = Debug|Any CPU
		Release|Any CPU = Release|Any CPU
	EndGlobalSection
	GlobalSection(ProjectConfigurationPlatforms) = postSolution
		{A79272A2-4A85-4E23-A099-4A3DD6EAF069}.Debug|Any CPU.ActiveCfg = Debug|Any CPU
		{A79272A2-4A85-4E23-A099-4A3DD6EAF069}.Debug|Any CPU.Build.0 = Debug|Any CPU
		{A79272A2-4A85-4E23-A099-4A3DD6EAF069}.Release|Any CPU.ActiveCfg = Release|Any CPU
		{A79272A2-4A85-4E23-A099-4A3DD6EAF069}.Release|Any CPU.Build.0 = Release|Any CPU
	EndGlobalSection
	GlobalSection(SolutionProperties) = preSolution
		HideSolutionNode = FALSE
	EndGlobalSection
	GlobalSection(ExtensibilityGlobals) = postSolution
		SolutionGuid = {61DB6CE9-E57B-443E-B87E-9294B319164D}
	EndGlobalSection
EndGlobal
